%{"cowboy": {:git, "git://github.com/extend/cowboy.git", "0ec713fc4b185c3cd0f6b2e7ec2c5f198361bddd", []},
  "cowlib": {:git, "git://github.com/extend/cowlib.git", "63298e8e160031a70efff86a1acde7e7db1fcda6", [ref: "0.4.0"]},
  "ets_lru": {:git, "git://github.com/cloudant/ets_lru.git", "54df566f02412595f69500ce2326d31cfa55ae7a", []},
  "ex_conf": {:git, "git://github.com/phoenixframework/ex_conf.git", "e6309e223d55a0dd6be63860ae8af5e0f021c11d", []},
  "ex_doc": {:git, "git://github.com/elixir-lang/ex_doc.git", "ee01fe3efd7b8af1dbaa00946bad5817d57b5875", []},
  "hackney": {:git, "git://github.com/benoitc/hackney.git", "448025a8856b66da550ad8bb96a26477523f9f66", [tag: "0.11.1"]},
  "hackney_lib": {:git, "https://github.com/benoitc/hackney_lib.git", "bf4e6fde4dd6e08b7434af7b092596b3633a872c", [tag: "0.2.4"]},
  "httpoison": {:git, "git://github.com/raycmorgan/httpoison.git", "9eb0b806d1cb0468c340314b118bc16cef438d9b", []},
  "idna": {:git, "https://github.com/benoitc/erlang-idna.git", "21aa158b7f36bf2a000f12fe40d7f21eece9cf65", [ref: "master"]},
  "inflex": {:git, "git://github.com/nurugger07/inflex.git", "3cf7f6257e1a87e7309c554f546ff6fd5ebfe2fa", []},
  "jsex": {:git, "git://github.com/raycmorgan/jsex.git", "dbfbc8ecbf113b86369a15d315e5498d44f6ee20", []},
  "jsx": {:git, "git://github.com/talentdeficit/jsx.git", "e50af6e109cb03bd26acf715cbc77de746507d1d", [tag: "v1.4.3"]},
  "mime": {:git, "git://github.com/dynamo/mime.git", "db84370c53a67a7e58a4d0cfb026f4edc64a9367", []},
  "mimetypes": {:git, "git://github.com/spawngrid/mimetypes.git", "47d37a977a7d633199822bf6b08353007483d00f", [ref: "master"]},
  "phoenix": {:git, "git://github.com/phoenixframework/phoenix.git", "b95a43ab51b99a76ccf0e00d187642f768c83513", []},
  "plug": {:git, "git://github.com/elixir-lang/plug.git", "c735ee21ab8384ab47ac27feb56cc509641fdc6d", []},
  "ranch": {:git, "git://github.com/extend/ranch.git", "5df1f222f94e08abdcab7084f5e13027143cc222", [ref: "0.9.0"]}}
